// !$*UTF8*$!
{
	archiveVersion = 1;
	classes = {
	};
	objectVersion = 56;
	objects = {

/* Begin PBXBuildFile section */
		FA0B20F12A7DA20200EC91D3 /* AnyViewPreview.swift in Sources */ = {isa = PBXBuildFile; fileRef = FA0B20F02A7DA20200EC91D3 /* AnyViewPreview.swift */; };
		FA0B20FA2A7DCB0100EC91D3 /* ArrayBuilder.swift in Sources */ = {isa = PBXBuildFile; fileRef = FA0B20F82A7DCB0100EC91D3 /* ArrayBuilder.swift */; };
		FA0B20FB2A7DCB0100EC91D3 /* PreviewVariants.swift in Sources */ = {isa = PBXBuildFile; fileRef = FA0B20F92A7DCB0100EC91D3 /* PreviewVariants.swift */; };
		FA0D85432A72A5BD002A28ED /* SnapshottingTests in Frameworks */ = {isa = PBXBuildFile; productRef = FA0D85422A72A5BD002A28ED /* SnapshottingTests */; };
		FA13B8F02B3E8BAB00F58836 /* DateView.swift in Sources */ = {isa = PBXBuildFile; fileRef = FA13B8EE2B3E8B3300F58836 /* DateView.swift */; };
		FA1671C32A5367A800A42DB0 /* DemoAppApp.swift in Sources */ = {isa = PBXBuildFile; fileRef = FA1671C22A5367A800A42DB0 /* DemoAppApp.swift */; };
		FA1671C52A5367A800A42DB0 /* ContentView.swift in Sources */ = {isa = PBXBuildFile; fileRef = FA1671C42A5367A800A42DB0 /* ContentView.swift */; };
		FA1671C72A5367A800A42DB0 /* Assets.xcassets in Resources */ = {isa = PBXBuildFile; fileRef = FA1671C62A5367A800A42DB0 /* Assets.xcassets */; };
		FA1671CB2A5367A800A42DB0 /* Preview Assets.xcassets in Resources */ = {isa = PBXBuildFile; fileRef = FA1671CA2A5367A800A42DB0 /* Preview Assets.xcassets */; };
		FA1671DA2A5399F700A42DB0 /* DemoModule.h in Headers */ = {isa = PBXBuildFile; fileRef = FA1671D92A5399F700A42DB0 /* DemoModule.h */; settings = {ATTRIBUTES = (Public, ); }; };
		FA1671DE2A5399F700A42DB0 /* DemoModule.framework in Embed Frameworks */ = {isa = PBXBuildFile; fileRef = FA1671D72A5399F700A42DB0 /* DemoModule.framework */; settings = {ATTRIBUTES = (CodeSignOnCopy, RemoveHeadersOnCopy, ); }; };
		FA1671E42A539A0500A42DB0 /* RowView.swift in Sources */ = {isa = PBXBuildFile; fileRef = FA1671E32A539A0500A42DB0 /* RowView.swift */; };
		FA1671E62A539CCF00A42DB0 /* ButtonView.swift in Sources */ = {isa = PBXBuildFile; fileRef = FA1671E52A539CCF00A42DB0 /* ButtonView.swift */; };
		FA1671E82A539EA900A42DB0 /* ProductCard.swift in Sources */ = {isa = PBXBuildFile; fileRef = FA1671E72A539EA900A42DB0 /* ProductCard.swift */; };
		FA1671EA2A539F6E00A42DB0 /* RatingView.swift in Sources */ = {isa = PBXBuildFile; fileRef = FA1671E92A539F6E00A42DB0 /* RatingView.swift */; };
		FA1671F32A53A0AA00A42DB0 /* InfoCardView.swift in Sources */ = {isa = PBXBuildFile; fileRef = FA1671F22A53A0AA00A42DB0 /* InfoCardView.swift */; };
		FA1671F52A53A0E100A42DB0 /* FeatureCardView.swift in Sources */ = {isa = PBXBuildFile; fileRef = FA1671F42A53A0E100A42DB0 /* FeatureCardView.swift */; };
		FA1671F72A53A15200A42DB0 /* TripCardView.swift in Sources */ = {isa = PBXBuildFile; fileRef = FA1671F62A53A15200A42DB0 /* TripCardView.swift */; };
		FA1671F92A53DBF200A42DB0 /* HomeMapView.swift in Sources */ = {isa = PBXBuildFile; fileRef = FA1671F82A53DBF200A42DB0 /* HomeMapView.swift */; };
		FA1671FB2A53E03800A42DB0 /* MessageRow.swift in Sources */ = {isa = PBXBuildFile; fileRef = FA1671FA2A53E03800A42DB0 /* MessageRow.swift */; };
		FA1671FD2A53E11E00A42DB0 /* MessageView.swift in Sources */ = {isa = PBXBuildFile; fileRef = FA1671FC2A53E11E00A42DB0 /* MessageView.swift */; };
		FA1671FF2A53E1AF00A42DB0 /* ConversationMessageView.swift in Sources */ = {isa = PBXBuildFile; fileRef = FA1671FE2A53E1AF00A42DB0 /* ConversationMessageView.swift */; };
		FA170AD32A8B3BA400D1D53D /* PreviewGallery in Frameworks */ = {isa = PBXBuildFile; productRef = FA170AD22A8B3BA400D1D53D /* PreviewGallery */; };
		FA1E452E2ADF3C3D002C85DB /* UIViewPreviews.swift in Sources */ = {isa = PBXBuildFile; fileRef = FA1E452D2ADF3C3D002C85DB /* UIViewPreviews.swift */; };
		FA309EC32C38D71C00C85FF4 /* DemoApp.swift in Sources */ = {isa = PBXBuildFile; fileRef = FA309EC22C38D71C00C85FF4 /* DemoApp.swift */; };
		FA309EC52C38D71C00C85FF4 /* ContentView.swift in Sources */ = {isa = PBXBuildFile; fileRef = FA309EC42C38D71C00C85FF4 /* ContentView.swift */; };
		FA309EC72C38D71D00C85FF4 /* Assets.xcassets in Resources */ = {isa = PBXBuildFile; fileRef = FA309EC62C38D71D00C85FF4 /* Assets.xcassets */; };
		FA309ECA2C38D71D00C85FF4 /* Preview Assets.xcassets in Resources */ = {isa = PBXBuildFile; fileRef = FA309EC92C38D71D00C85FF4 /* Preview Assets.xcassets */; };
		FA309ECD2C38D71D00C85FF4 /* Demo Watch App.app in Embed Watch Content */ = {isa = PBXBuildFile; fileRef = FA309EC02C38D71C00C85FF4 /* Demo Watch App.app */; platformFilter = ios; settings = {ATTRIBUTES = (RemoveHeadersOnCopy, ); }; };
		FA309EE22C38D7A900C85FF4 /* Snapshotting in Frameworks */ = {isa = PBXBuildFile; productRef = FA309EE12C38D7A900C85FF4 /* Snapshotting */; };
		FA309EE32C38D7A900C85FF4 /* Snapshotting in Embed Frameworks */ = {isa = PBXBuildFile; productRef = FA309EE12C38D7A900C85FF4 /* Snapshotting */; settings = {ATTRIBUTES = (CodeSignOnCopy, ); }; };
		FA309EE62C38D7AC00C85FF4 /* SnapshottingTests in Frameworks */ = {isa = PBXBuildFile; productRef = FA309EE52C38D7AC00C85FF4 /* SnapshottingTests */; };
		FA309EE72C38EB9B00C85FF4 /* DemoWatchAccessibilityPreviewTest.swift in Sources */ = {isa = PBXBuildFile; fileRef = FA309ED82C38D77C00C85FF4 /* DemoWatchAccessibilityPreviewTest.swift */; };
		FA309EFE2C3EF68A00C85FF4 /* PreviewGallery in Frameworks */ = {isa = PBXBuildFile; productRef = FA309EFD2C3EF68A00C85FF4 /* PreviewGallery */; };
		FA3C0DE72A620E9A00278952 /* DemoAppAccessibilityPreviewTest.swift in Sources */ = {isa = PBXBuildFile; fileRef = FA3C0DE62A620E9A00278952 /* DemoAppAccessibilityPreviewTest.swift */; };
		FA40515D2A95B587007A66D4 /* EmptyView.swift in Sources */ = {isa = PBXBuildFile; fileRef = FA40515C2A95B587007A66D4 /* EmptyView.swift */; };
		FA4F5AD92A7A3E7700B268FF /* Snapshotting in Frameworks */ = {isa = PBXBuildFile; productRef = FA4F5AD82A7A3E7700B268FF /* Snapshotting */; };
		FA4F5ADA2A7A3E7700B268FF /* Snapshotting in Embed Frameworks */ = {isa = PBXBuildFile; productRef = FA4F5AD82A7A3E7700B268FF /* Snapshotting */; settings = {ATTRIBUTES = (CodeSignOnCopy, ); }; };
		FA5E82972A96448A008DE3F0 /* StateView.swift in Sources */ = {isa = PBXBuildFile; fileRef = FA5E82962A96448A008DE3F0 /* StateView.swift */; };
		FA7EFE132B9235D100EF534F /* SnapshotPreferences in Frameworks */ = {isa = PBXBuildFile; productRef = FA7EFE122B9235D100EF534F /* SnapshotPreferences */; };
		FA8E2F9E2E8D797000B7B9EB /* AccessibilitySnapshotCore in Frameworks */ = {isa = PBXBuildFile; productRef = FA8E2F9D2E8D797000B7B9EB /* AccessibilitySnapshotCore */; };
		FA8F8B7E2C66C4C4007CEA33 /* DemoAppPreviewTest.swift in Sources */ = {isa = PBXBuildFile; fileRef = FA8F8B7D2C66C4C4007CEA33 /* DemoAppPreviewTest.swift */; };
		FA8F8B852C66C4CA007CEA33 /* SnapshottingTests in Frameworks */ = {isa = PBXBuildFile; productRef = FA8F8B842C66C4CA007CEA33 /* SnapshottingTests */; };
		FA9C8E442A56959300DC4574 /* RatingPreviews.swift in Sources */ = {isa = PBXBuildFile; fileRef = FA9C8E432A56959300DC4574 /* RatingPreviews.swift */; };
		FAA4F4CF2B271D9C00127B63 /* Color.swift in Sources */ = {isa = PBXBuildFile; fileRef = FAA4F4CE2B271D9C00127B63 /* Color.swift */; };
		FABCCD932AC39081008F4D3A /* EMGTestHandler.swift in Sources */ = {isa = PBXBuildFile; fileRef = FABCCD922AC39081008F4D3A /* EMGTestHandler.swift */; };
		FAC912372C894B6E00459191 /* OSVersionView.swift in Sources */ = {isa = PBXBuildFile; fileRef = FAC912362C894B6E00459191 /* OSVersionView.swift */; };
		FACA23792A55FBEE0080545A /* DemoModule.framework in Frameworks */ = {isa = PBXBuildFile; fileRef = FA1671D72A5399F700A42DB0 /* DemoModule.framework */; };
		FACBADA32C67B8D60012D600 /* DemoWatchPreviewTest.swift in Sources */ = {isa = PBXBuildFile; fileRef = FACBADA22C67B8D60012D600 /* DemoWatchPreviewTest.swift */; };
		FACBADAA2C67B8ED0012D600 /* SnapshottingTests in Frameworks */ = {isa = PBXBuildFile; productRef = FACBADA92C67B8ED0012D600 /* SnapshottingTests */; };
		FACBADAC2C67B9A50012D600 /* DemoWatchSnapshotTest.swift in Sources */ = {isa = PBXBuildFile; fileRef = FACBADAB2C67B9A50012D600 /* DemoWatchSnapshotTest.swift */; };
		FAD0107B2AA29ABA007D1AF6 /* TextView.swift in Sources */ = {isa = PBXBuildFile; fileRef = FAD0107A2AA29ABA007D1AF6 /* TextView.swift */; };
		FAD52BF62A7B5EEA001F1832 /* ExpandingView.swift in Sources */ = {isa = PBXBuildFile; fileRef = FAD52BF12A7B5EEA001F1832 /* ExpandingView.swift */; };
		FAD52BF72A7B5EEA001F1832 /* CodeEntryView.swift in Sources */ = {isa = PBXBuildFile; fileRef = FAD52BF22A7B5EEA001F1832 /* CodeEntryView.swift */; };
		FAD52BF82A7B5EEA001F1832 /* RideDetailView.swift in Sources */ = {isa = PBXBuildFile; fileRef = FAD52BF32A7B5EEA001F1832 /* RideDetailView.swift */; };
		FAD52BF92A7B5EEA001F1832 /* RideShareButton.swift in Sources */ = {isa = PBXBuildFile; fileRef = FAD52BF42A7B5EEA001F1832 /* RideShareButton.swift */; };
		FAD52BFA2A7B5EEA001F1832 /* RideOptionsView.swift in Sources */ = {isa = PBXBuildFile; fileRef = FAD52BF52A7B5EEA001F1832 /* RideOptionsView.swift */; };
		FADB112C2C67A17500985C48 /* DemoAppSnapshotTest.swift in Sources */ = {isa = PBXBuildFile; fileRef = FADB112B2C67A17500985C48 /* DemoAppSnapshotTest.swift */; };
/* End PBXBuildFile section */

/* Begin PBXContainerItemProxy section */
		FA1671DB2A5399F700A42DB0 /* PBXContainerItemProxy */ = {
			isa = PBXContainerItemProxy;
			containerPortal = FA1671B72A5367A800A42DB0 /* Project object */;
			proxyType = 1;
			remoteGlobalIDString = FA1671D62A5399F700A42DB0;
			remoteInfo = DemoModule;
		};
		FA309ECB2C38D71D00C85FF4 /* PBXContainerItemProxy */ = {
			isa = PBXContainerItemProxy;
			containerPortal = FA1671B72A5367A800A42DB0 /* Project object */;
			proxyType = 1;
			remoteGlobalIDString = FA309EBF2C38D71C00C85FF4;
			remoteInfo = "Demo Watch App";
		};
		FA309EDC2C38D77C00C85FF4 /* PBXContainerItemProxy */ = {
			isa = PBXContainerItemProxy;
			containerPortal = FA1671B72A5367A800A42DB0 /* Project object */;
			proxyType = 1;
			remoteGlobalIDString = FA309EBF2C38D71C00C85FF4;
			remoteInfo = "Demo Watch App";
		};
		FA8F8B7F2C66C4C4007CEA33 /* PBXContainerItemProxy */ = {
			isa = PBXContainerItemProxy;
			containerPortal = FA1671B72A5367A800A42DB0 /* Project object */;
			proxyType = 1;
			remoteGlobalIDString = FA1671BE2A5367A800A42DB0;
			remoteInfo = DemoApp;
		};
		FAC167ED2A5F41C500D79C23 /* PBXContainerItemProxy */ = {
			isa = PBXContainerItemProxy;
			containerPortal = FA1671B72A5367A800A42DB0 /* Project object */;
			proxyType = 1;
			remoteGlobalIDString = FA1671BE2A5367A800A42DB0;
			remoteInfo = DemoApp;
		};
		FACBADA42C67B8D60012D600 /* PBXContainerItemProxy */ = {
			isa = PBXContainerItemProxy;
			containerPortal = FA1671B72A5367A800A42DB0 /* Project object */;
			proxyType = 1;
			remoteGlobalIDString = FA309EBF2C38D71C00C85FF4;
			remoteInfo = "Demo Watch App";
		};
/* End PBXContainerItemProxy section */

/* Begin PBXCopyFilesBuildPhase section */
		FA0D85412A72A3E9002A28ED /* Embed Frameworks */ = {
			isa = PBXCopyFilesBuildPhase;
			buildActionMask = 2147483647;
			dstPath = "";
			dstSubfolderSpec = 10;
			files = (
				FA4F5ADA2A7A3E7700B268FF /* Snapshotting in Embed Frameworks */,
			);
			name = "Embed Frameworks";
			runOnlyForDeploymentPostprocessing = 0;
		};
		FA1671E22A5399F700A42DB0 /* Embed Frameworks */ = {
			isa = PBXCopyFilesBuildPhase;
			buildActionMask = 2147483647;
			dstPath = "";
			dstSubfolderSpec = 10;
			files = (
				FA1671DE2A5399F700A42DB0 /* DemoModule.framework in Embed Frameworks */,
			);
			name = "Embed Frameworks";
			runOnlyForDeploymentPostprocessing = 0;
		};
		FA309ECE2C38D71D00C85FF4 /* Embed Watch Content */ = {
			isa = PBXCopyFilesBuildPhase;
			buildActionMask = 2147483647;
			dstPath = "$(CONTENTS_FOLDER_PATH)/Watch";
			dstSubfolderSpec = 16;
			files = (
				FA309ECD2C38D71D00C85FF4 /* Demo Watch App.app in Embed Watch Content */,
			);
			name = "Embed Watch Content";
			runOnlyForDeploymentPostprocessing = 0;
		};
		FA309EE42C38D7A900C85FF4 /* Embed Frameworks */ = {
			isa = PBXCopyFilesBuildPhase;
			buildActionMask = 2147483647;
			dstPath = "";
			dstSubfolderSpec = 10;
			files = (
				FA309EE32C38D7A900C85FF4 /* Snapshotting in Embed Frameworks */,
			);
			name = "Embed Frameworks";
			runOnlyForDeploymentPostprocessing = 0;
		};
/* End PBXCopyFilesBuildPhase section */

/* Begin PBXFileReference section */
		C39F81522C6ABB7A004C7D57 /* DemoAppTests.xctestplan */ = {isa = PBXFileReference; lastKnownFileType = text; path = DemoAppTests.xctestplan; sourceTree = "<group>"; };
		FA0B20F02A7DA20200EC91D3 /* AnyViewPreview.swift */ = {isa = PBXFileReference; lastKnownFileType = sourcecode.swift; path = AnyViewPreview.swift; sourceTree = "<group>"; };
		FA0B20F82A7DCB0100EC91D3 /* ArrayBuilder.swift */ = {isa = PBXFileReference; fileEncoding = 4; lastKnownFileType = sourcecode.swift; path = ArrayBuilder.swift; sourceTree = "<group>"; };
		FA0B20F92A7DCB0100EC91D3 /* PreviewVariants.swift */ = {isa = PBXFileReference; fileEncoding = 4; lastKnownFileType = sourcecode.swift; path = PreviewVariants.swift; sourceTree = "<group>"; };
		FA13B8EE2B3E8B3300F58836 /* DateView.swift */ = {isa = PBXFileReference; lastKnownFileType = sourcecode.swift; path = DateView.swift; sourceTree = "<group>"; };
		FA1671BF2A5367A800A42DB0 /* DemoApp.app */ = {isa = PBXFileReference; explicitFileType = wrapper.application; includeInIndex = 0; path = DemoApp.app; sourceTree = BUILT_PRODUCTS_DIR; };
		FA1671C22A5367A800A42DB0 /* DemoAppApp.swift */ = {isa = PBXFileReference; lastKnownFileType = sourcecode.swift; path = DemoAppApp.swift; sourceTree = "<group>"; };
		FA1671C42A5367A800A42DB0 /* ContentView.swift */ = {isa = PBXFileReference; lastKnownFileType = sourcecode.swift; path = ContentView.swift; sourceTree = "<group>"; };
		FA1671C62A5367A800A42DB0 /* Assets.xcassets */ = {isa = PBXFileReference; lastKnownFileType = folder.assetcatalog; path = Assets.xcassets; sourceTree = "<group>"; };
		FA1671C82A5367A800A42DB0 /* DemoApp.entitlements */ = {isa = PBXFileReference; lastKnownFileType = text.plist.entitlements; path = DemoApp.entitlements; sourceTree = "<group>"; };
		FA1671CA2A5367A800A42DB0 /* Preview Assets.xcassets */ = {isa = PBXFileReference; lastKnownFileType = folder.assetcatalog; path = "Preview Assets.xcassets"; sourceTree = "<group>"; };
		FA1671D72A5399F700A42DB0 /* DemoModule.framework */ = {isa = PBXFileReference; explicitFileType = wrapper.framework; includeInIndex = 0; path = DemoModule.framework; sourceTree = BUILT_PRODUCTS_DIR; };
		FA1671D92A5399F700A42DB0 /* DemoModule.h */ = {isa = PBXFileReference; lastKnownFileType = sourcecode.c.h; path = DemoModule.h; sourceTree = "<group>"; };
		FA1671E32A539A0500A42DB0 /* RowView.swift */ = {isa = PBXFileReference; lastKnownFileType = sourcecode.swift; path = RowView.swift; sourceTree = "<group>"; };
		FA1671E52A539CCF00A42DB0 /* ButtonView.swift */ = {isa = PBXFileReference; lastKnownFileType = sourcecode.swift; path = ButtonView.swift; sourceTree = "<group>"; };
		FA1671E72A539EA900A42DB0 /* ProductCard.swift */ = {isa = PBXFileReference; lastKnownFileType = sourcecode.swift; path = ProductCard.swift; sourceTree = "<group>"; };
		FA1671E92A539F6E00A42DB0 /* RatingView.swift */ = {isa = PBXFileReference; lastKnownFileType = sourcecode.swift; path = RatingView.swift; sourceTree = "<group>"; };
		FA1671F22A53A0AA00A42DB0 /* InfoCardView.swift */ = {isa = PBXFileReference; lastKnownFileType = sourcecode.swift; path = InfoCardView.swift; sourceTree = "<group>"; };
		FA1671F42A53A0E100A42DB0 /* FeatureCardView.swift */ = {isa = PBXFileReference; lastKnownFileType = sourcecode.swift; path = FeatureCardView.swift; sourceTree = "<group>"; };
		FA1671F62A53A15200A42DB0 /* TripCardView.swift */ = {isa = PBXFileReference; lastKnownFileType = sourcecode.swift; path = TripCardView.swift; sourceTree = "<group>"; };
		FA1671F82A53DBF200A42DB0 /* HomeMapView.swift */ = {isa = PBXFileReference; lastKnownFileType = sourcecode.swift; path = HomeMapView.swift; sourceTree = "<group>"; };
		FA1671FA2A53E03800A42DB0 /* MessageRow.swift */ = {isa = PBXFileReference; lastKnownFileType = sourcecode.swift; path = MessageRow.swift; sourceTree = "<group>"; };
		FA1671FC2A53E11E00A42DB0 /* MessageView.swift */ = {isa = PBXFileReference; lastKnownFileType = sourcecode.swift; path = MessageView.swift; sourceTree = "<group>"; };
		FA1671FE2A53E1AF00A42DB0 /* ConversationMessageView.swift */ = {isa = PBXFileReference; lastKnownFileType = sourcecode.swift; path = ConversationMessageView.swift; sourceTree = "<group>"; };
		FA1E452D2ADF3C3D002C85DB /* UIViewPreviews.swift */ = {isa = PBXFileReference; fileEncoding = 4; lastKnownFileType = sourcecode.swift; path = UIViewPreviews.swift; sourceTree = "<group>"; };
		FA309EC02C38D71C00C85FF4 /* Demo Watch App.app */ = {isa = PBXFileReference; explicitFileType = wrapper.application; includeInIndex = 0; path = "Demo Watch App.app"; sourceTree = BUILT_PRODUCTS_DIR; };
		FA309EC22C38D71C00C85FF4 /* DemoApp.swift */ = {isa = PBXFileReference; lastKnownFileType = sourcecode.swift; path = DemoApp.swift; sourceTree = "<group>"; };
		FA309EC42C38D71C00C85FF4 /* ContentView.swift */ = {isa = PBXFileReference; lastKnownFileType = sourcecode.swift; path = ContentView.swift; sourceTree = "<group>"; };
		FA309EC62C38D71D00C85FF4 /* Assets.xcassets */ = {isa = PBXFileReference; lastKnownFileType = folder.assetcatalog; path = Assets.xcassets; sourceTree = "<group>"; };
		FA309EC92C38D71D00C85FF4 /* Preview Assets.xcassets */ = {isa = PBXFileReference; lastKnownFileType = folder.assetcatalog; path = "Preview Assets.xcassets"; sourceTree = "<group>"; };
		FA309ED62C38D77C00C85FF4 /* DemoWatchTests.xctest */ = {isa = PBXFileReference; explicitFileType = wrapper.cfbundle; includeInIndex = 0; path = DemoWatchTests.xctest; sourceTree = BUILT_PRODUCTS_DIR; };
		FA309ED82C38D77C00C85FF4 /* DemoWatchAccessibilityPreviewTest.swift */ = {isa = PBXFileReference; lastKnownFileType = sourcecode.swift; path = DemoWatchAccessibilityPreviewTest.swift; sourceTree = "<group>"; };
		FA3C0DE62A620E9A00278952 /* DemoAppAccessibilityPreviewTest.swift */ = {isa = PBXFileReference; lastKnownFileType = sourcecode.swift; path = DemoAppAccessibilityPreviewTest.swift; sourceTree = "<group>"; };
		FA40515C2A95B587007A66D4 /* EmptyView.swift */ = {isa = PBXFileReference; lastKnownFileType = sourcecode.swift; path = EmptyView.swift; sourceTree = "<group>"; };
		FA44246E2AAA5B27005BFCD9 /* DemoApp.xctestplan */ = {isa = PBXFileReference; lastKnownFileType = text; path = DemoApp.xctestplan; sourceTree = "<group>"; };
		FA5E82962A96448A008DE3F0 /* StateView.swift */ = {isa = PBXFileReference; fileEncoding = 4; lastKnownFileType = sourcecode.swift; path = StateView.swift; sourceTree = "<group>"; };
		FA8F8B7B2C66C4C4007CEA33 /* DemoAppTests.xctest */ = {isa = PBXFileReference; explicitFileType = wrapper.cfbundle; includeInIndex = 0; path = DemoAppTests.xctest; sourceTree = BUILT_PRODUCTS_DIR; };
		FA8F8B7D2C66C4C4007CEA33 /* DemoAppPreviewTest.swift */ = {isa = PBXFileReference; lastKnownFileType = sourcecode.swift; path = DemoAppPreviewTest.swift; sourceTree = "<group>"; };
		FA9C8E432A56959300DC4574 /* RatingPreviews.swift */ = {isa = PBXFileReference; lastKnownFileType = sourcecode.swift; path = RatingPreviews.swift; sourceTree = "<group>"; };
		FAA4F4CE2B271D9C00127B63 /* Color.swift */ = {isa = PBXFileReference; lastKnownFileType = sourcecode.swift; path = Color.swift; sourceTree = "<group>"; };
		FABCCD922AC39081008F4D3A /* EMGTestHandler.swift */ = {isa = PBXFileReference; lastKnownFileType = sourcecode.swift; path = EMGTestHandler.swift; sourceTree = "<group>"; };
		FAC167E72A5F41C500D79C23 /* DemoAppUITests.xctest */ = {isa = PBXFileReference; explicitFileType = wrapper.cfbundle; includeInIndex = 0; path = DemoAppUITests.xctest; sourceTree = BUILT_PRODUCTS_DIR; };
		FAC912362C894B6E00459191 /* OSVersionView.swift */ = {isa = PBXFileReference; lastKnownFileType = sourcecode.swift; path = OSVersionView.swift; sourceTree = "<group>"; };
		FACA23752A55FB970080545A /* XCTest.framework */ = {isa = PBXFileReference; lastKnownFileType = wrapper.framework; name = XCTest.framework; path = Platforms/MacOSX.platform/Developer/Library/Frameworks/XCTest.framework; sourceTree = DEVELOPER_DIR; };
		FACBADA02C67B8D60012D600 /* Demo Watch AppTests.xctest */ = {isa = PBXFileReference; explicitFileType = wrapper.cfbundle; includeInIndex = 0; path = "Demo Watch AppTests.xctest"; sourceTree = BUILT_PRODUCTS_DIR; };
		FACBADA22C67B8D60012D600 /* DemoWatchPreviewTest.swift */ = {isa = PBXFileReference; lastKnownFileType = sourcecode.swift; path = DemoWatchPreviewTest.swift; sourceTree = "<group>"; };
		FACBADAB2C67B9A50012D600 /* DemoWatchSnapshotTest.swift */ = {isa = PBXFileReference; lastKnownFileType = sourcecode.swift; path = DemoWatchSnapshotTest.swift; sourceTree = "<group>"; };
		FAD0107A2AA29ABA007D1AF6 /* TextView.swift */ = {isa = PBXFileReference; lastKnownFileType = sourcecode.swift; path = TextView.swift; sourceTree = "<group>"; };
		FAD52BF12A7B5EEA001F1832 /* ExpandingView.swift */ = {isa = PBXFileReference; fileEncoding = 4; lastKnownFileType = sourcecode.swift; path = ExpandingView.swift; sourceTree = "<group>"; };
		FAD52BF22A7B5EEA001F1832 /* CodeEntryView.swift */ = {isa = PBXFileReference; fileEncoding = 4; lastKnownFileType = sourcecode.swift; path = CodeEntryView.swift; sourceTree = "<group>"; };
		FAD52BF32A7B5EEA001F1832 /* RideDetailView.swift */ = {isa = PBXFileReference; fileEncoding = 4; lastKnownFileType = sourcecode.swift; path = RideDetailView.swift; sourceTree = "<group>"; };
		FAD52BF42A7B5EEA001F1832 /* RideShareButton.swift */ = {isa = PBXFileReference; fileEncoding = 4; lastKnownFileType = sourcecode.swift; path = RideShareButton.swift; sourceTree = "<group>"; };
		FAD52BF52A7B5EEA001F1832 /* RideOptionsView.swift */ = {isa = PBXFileReference; fileEncoding = 4; lastKnownFileType = sourcecode.swift; path = RideOptionsView.swift; sourceTree = "<group>"; };
		FADB112B2C67A17500985C48 /* DemoAppSnapshotTest.swift */ = {isa = PBXFileReference; lastKnownFileType = sourcecode.swift; path = DemoAppSnapshotTest.swift; sourceTree = "<group>"; };
		FAF1BA622A54934200AEBE1B /* .. */ = {isa = PBXFileReference; lastKnownFileType = wrapper; name = ..; path = ../../..; sourceTree = "<group>"; };
/* End PBXFileReference section */

/* Begin PBXFrameworksBuildPhase section */
		FA1671BC2A5367A800A42DB0 /* Frameworks */ = {
			isa = PBXFrameworksBuildPhase;
			buildActionMask = 2147483647;
			files = (
				FA170AD32A8B3BA400D1D53D /* PreviewGallery in Frameworks */,
				FACA23792A55FBEE0080545A /* DemoModule.framework in Frameworks */,
			);
			runOnlyForDeploymentPostprocessing = 0;
		};
		FA1671D42A5399F700A42DB0 /* Frameworks */ = {
			isa = PBXFrameworksBuildPhase;
			buildActionMask = 2147483647;
			files = (
				FA7EFE132B9235D100EF534F /* SnapshotPreferences in Frameworks */,
			);
			runOnlyForDeploymentPostprocessing = 0;
		};
		FA309EBD2C38D71C00C85FF4 /* Frameworks */ = {
			isa = PBXFrameworksBuildPhase;
			buildActionMask = 2147483647;
			files = (
				FA309EFE2C3EF68A00C85FF4 /* PreviewGallery in Frameworks */,
			);
			runOnlyForDeploymentPostprocessing = 0;
		};
		FA309ED32C38D77C00C85FF4 /* Frameworks */ = {
			isa = PBXFrameworksBuildPhase;
			buildActionMask = 2147483647;
			files = (
				FA309EE62C38D7AC00C85FF4 /* SnapshottingTests in Frameworks */,
				FA309EE22C38D7A900C85FF4 /* Snapshotting in Frameworks */,
			);
			runOnlyForDeploymentPostprocessing = 0;
		};
		FA8F8B782C66C4C4007CEA33 /* Frameworks */ = {
			isa = PBXFrameworksBuildPhase;
			buildActionMask = 2147483647;
			files = (
				FA8E2F9E2E8D797000B7B9EB /* AccessibilitySnapshotCore in Frameworks */,
				FA8F8B852C66C4CA007CEA33 /* SnapshottingTests in Frameworks */,
			);
			runOnlyForDeploymentPostprocessing = 0;
		};
		FAC167E42A5F41C500D79C23 /* Frameworks */ = {
			isa = PBXFrameworksBuildPhase;
			buildActionMask = 2147483647;
			files = (
				FA4F5AD92A7A3E7700B268FF /* Snapshotting in Frameworks */,
				FA0D85432A72A5BD002A28ED /* SnapshottingTests in Frameworks */,
			);
			runOnlyForDeploymentPostprocessing = 0;
		};
		FACBAD9D2C67B8D60012D600 /* Frameworks */ = {
			isa = PBXFrameworksBuildPhase;
			buildActionMask = 2147483647;
			files = (
				FACBADAA2C67B8ED0012D600 /* SnapshottingTests in Frameworks */,
			);
			runOnlyForDeploymentPostprocessing = 0;
		};
/* End PBXFrameworksBuildPhase section */

/* Begin PBXGroup section */
		FA1671B62A5367A800A42DB0 = {
			isa = PBXGroup;
			children = (
				C39F81522C6ABB7A004C7D57 /* DemoAppTests.xctestplan */,
				FA44246E2AAA5B27005BFCD9 /* DemoApp.xctestplan */,
				FA1671C12A5367A800A42DB0 /* DemoApp */,
				FA1671D82A5399F700A42DB0 /* DemoModule */,
				FAC167E82A5F41C500D79C23 /* DemoAppUITests */,
				FA309EC12C38D71C00C85FF4 /* Demo Watch App */,
				FA309ED72C38D77C00C85FF4 /* DemoWatchTests */,
				FA8F8B7C2C66C4C4007CEA33 /* DemoAppTests */,
				FACBADA12C67B8D60012D600 /* Demo Watch AppTests */,
				FA1671C02A5367A800A42DB0 /* Products */,
				FA6E72BD2A54944800448463 /* Frameworks */,
			);
			sourceTree = "<group>";
		};
		FA1671C02A5367A800A42DB0 /* Products */ = {
			isa = PBXGroup;
			children = (
				FA1671BF2A5367A800A42DB0 /* DemoApp.app */,
				FA1671D72A5399F700A42DB0 /* DemoModule.framework */,
				FAC167E72A5F41C500D79C23 /* DemoAppUITests.xctest */,
				FA309EC02C38D71C00C85FF4 /* Demo Watch App.app */,
				FA309ED62C38D77C00C85FF4 /* DemoWatchTests.xctest */,
				FA8F8B7B2C66C4C4007CEA33 /* DemoAppTests.xctest */,
				FACBADA02C67B8D60012D600 /* Demo Watch AppTests.xctest */,
			);
			name = Products;
			sourceTree = "<group>";
		};
		FA1671C12A5367A800A42DB0 /* DemoApp */ = {
			isa = PBXGroup;
			children = (
				FAF1BA622A54934200AEBE1B /* .. */,
				FA1671C22A5367A800A42DB0 /* DemoAppApp.swift */,
				FABCCD922AC39081008F4D3A /* EMGTestHandler.swift */,
				FA1671C42A5367A800A42DB0 /* ContentView.swift */,
				FAD52BF02A7B5EBB001F1832 /* TestViews */,
				FA1671C62A5367A800A42DB0 /* Assets.xcassets */,
				FA1671C82A5367A800A42DB0 /* DemoApp.entitlements */,
				FA1671C92A5367A800A42DB0 /* Preview Content */,
			);
			path = DemoApp;
			sourceTree = "<group>";
		};
		FA1671C92A5367A800A42DB0 /* Preview Content */ = {
			isa = PBXGroup;
			children = (
				FA1671CA2A5367A800A42DB0 /* Preview Assets.xcassets */,
			);
			path = "Preview Content";
			sourceTree = "<group>";
		};
		FA1671D82A5399F700A42DB0 /* DemoModule */ = {
			isa = PBXGroup;
			children = (
				FA1671D92A5399F700A42DB0 /* DemoModule.h */,
				FA1671E32A539A0500A42DB0 /* RowView.swift */,
				FAA4F4CE2B271D9C00127B63 /* Color.swift */,
				FA1671E72A539EA900A42DB0 /* ProductCard.swift */,
				FA1671E52A539CCF00A42DB0 /* ButtonView.swift */,
				FA1671E92A539F6E00A42DB0 /* RatingView.swift */,
				FA9C8E432A56959300DC4574 /* RatingPreviews.swift */,
				FA1671F22A53A0AA00A42DB0 /* InfoCardView.swift */,
				FA1671F42A53A0E100A42DB0 /* FeatureCardView.swift */,
				FA1671F62A53A15200A42DB0 /* TripCardView.swift */,
				FA1671F82A53DBF200A42DB0 /* HomeMapView.swift */,
				FA1671FA2A53E03800A42DB0 /* MessageRow.swift */,
				FA1671FC2A53E11E00A42DB0 /* MessageView.swift */,
				FA1671FE2A53E1AF00A42DB0 /* ConversationMessageView.swift */,
				FA13B8EE2B3E8B3300F58836 /* DateView.swift */,
			);
			path = DemoModule;
			sourceTree = "<group>";
		};
		FA309EC12C38D71C00C85FF4 /* Demo Watch App */ = {
			isa = PBXGroup;
			children = (
				FA309EC22C38D71C00C85FF4 /* DemoApp.swift */,
				FA309EC42C38D71C00C85FF4 /* ContentView.swift */,
				FA309EC62C38D71D00C85FF4 /* Assets.xcassets */,
				FA309EC82C38D71D00C85FF4 /* Preview Content */,
			);
			path = "Demo Watch App";
			sourceTree = "<group>";
		};
		FA309EC82C38D71D00C85FF4 /* Preview Content */ = {
			isa = PBXGroup;
			children = (
				FA309EC92C38D71D00C85FF4 /* Preview Assets.xcassets */,
			);
			path = "Preview Content";
			sourceTree = "<group>";
		};
		FA309ED72C38D77C00C85FF4 /* DemoWatchTests */ = {
			isa = PBXGroup;
			children = (
				FA309ED82C38D77C00C85FF4 /* DemoWatchAccessibilityPreviewTest.swift */,
			);
			path = DemoWatchTests;
			sourceTree = "<group>";
		};
		FA6E72BD2A54944800448463 /* Frameworks */ = {
			isa = PBXGroup;
			children = (
				FACA23752A55FB970080545A /* XCTest.framework */,
			);
			name = Frameworks;
			sourceTree = "<group>";
		};
		FA8F8B7C2C66C4C4007CEA33 /* DemoAppTests */ = {
			isa = PBXGroup;
			children = (
				FA8F8B7D2C66C4C4007CEA33 /* DemoAppPreviewTest.swift */,
				FADB112B2C67A17500985C48 /* DemoAppSnapshotTest.swift */,
			);
			path = DemoAppTests;
			sourceTree = "<group>";
		};
		FAC167E82A5F41C500D79C23 /* DemoAppUITests */ = {
			isa = PBXGroup;
			children = (
				FA3C0DE62A620E9A00278952 /* DemoAppAccessibilityPreviewTest.swift */,
			);
			path = DemoAppUITests;
			sourceTree = "<group>";
		};
		FACBADA12C67B8D60012D600 /* Demo Watch AppTests */ = {
			isa = PBXGroup;
			children = (
				FACBADA22C67B8D60012D600 /* DemoWatchPreviewTest.swift */,
				FACBADAB2C67B9A50012D600 /* DemoWatchSnapshotTest.swift */,
			);
			path = "Demo Watch AppTests";
			sourceTree = "<group>";
		};
		FAD52BF02A7B5EBB001F1832 /* TestViews */ = {
			isa = PBXGroup;
			children = (
				FAD52BF22A7B5EEA001F1832 /* CodeEntryView.swift */,
				FAD52BF12A7B5EEA001F1832 /* ExpandingView.swift */,
				FA5E82962A96448A008DE3F0 /* StateView.swift */,
				FA40515C2A95B587007A66D4 /* EmptyView.swift */,
				FAD52BF32A7B5EEA001F1832 /* RideDetailView.swift */,
				FA0B20F82A7DCB0100EC91D3 /* ArrayBuilder.swift */,
				FA0B20F92A7DCB0100EC91D3 /* PreviewVariants.swift */,
				FAD52BF52A7B5EEA001F1832 /* RideOptionsView.swift */,
				FAD52BF42A7B5EEA001F1832 /* RideShareButton.swift */,
				FA0B20F02A7DA20200EC91D3 /* AnyViewPreview.swift */,
				FAD0107A2AA29ABA007D1AF6 /* TextView.swift */,
				FA1E452D2ADF3C3D002C85DB /* UIViewPreviews.swift */,
				FAC912362C894B6E00459191 /* OSVersionView.swift */,
			);
			path = TestViews;
			sourceTree = "<group>";
		};
/* End PBXGroup section */

/* Begin PBXHeadersBuildPhase section */
		FA1671D22A5399F700A42DB0 /* Headers */ = {
			isa = PBXHeadersBuildPhase;
			buildActionMask = 2147483647;
			files = (
				FA1671DA2A5399F700A42DB0 /* DemoModule.h in Headers */,
			);
			runOnlyForDeploymentPostprocessing = 0;
		};
/* End PBXHeadersBuildPhase section */

/* Begin PBXNativeTarget section */
		FA1671BE2A5367A800A42DB0 /* DemoApp */ = {
			isa = PBXNativeTarget;
			buildConfigurationList = FA1671CE2A5367A800A42DB0 /* Build configuration list for PBXNativeTarget "DemoApp" */;
			buildPhases = (
				FA1671BB2A5367A800A42DB0 /* Sources */,
				FA1671BC2A5367A800A42DB0 /* Frameworks */,
				FA1671BD2A5367A800A42DB0 /* Resources */,
				FA1671E22A5399F700A42DB0 /* Embed Frameworks */,
				FA309ECE2C38D71D00C85FF4 /* Embed Watch Content */,
			);
			buildRules = (
			);
			dependencies = (
				FA1671DC2A5399F700A42DB0 /* PBXTargetDependency */,
				FA309ECC2C38D71D00C85FF4 /* PBXTargetDependency */,
			);
			name = DemoApp;
			packageProductDependencies = (
				FA170AD22A8B3BA400D1D53D /* PreviewGallery */,
			);
			productName = DemoApp;
			productReference = FA1671BF2A5367A800A42DB0 /* DemoApp.app */;
			productType = "com.apple.product-type.application";
		};
		FA1671D62A5399F700A42DB0 /* DemoModule */ = {
			isa = PBXNativeTarget;
			buildConfigurationList = FA1671DF2A5399F700A42DB0 /* Build configuration list for PBXNativeTarget "DemoModule" */;
			buildPhases = (
				FA1671D22A5399F700A42DB0 /* Headers */,
				FA1671D32A5399F700A42DB0 /* Sources */,
				FA1671D42A5399F700A42DB0 /* Frameworks */,
				FA1671D52A5399F700A42DB0 /* Resources */,
			);
			buildRules = (
			);
			dependencies = (
			);
			name = DemoModule;
			packageProductDependencies = (
				FA7EFE122B9235D100EF534F /* SnapshotPreferences */,
			);
			productName = DemoModule;
			productReference = FA1671D72A5399F700A42DB0 /* DemoModule.framework */;
			productType = "com.apple.product-type.framework";
		};
		FA309EBF2C38D71C00C85FF4 /* Demo Watch App */ = {
			isa = PBXNativeTarget;
			buildConfigurationList = FA309ED12C38D71D00C85FF4 /* Build configuration list for PBXNativeTarget "Demo Watch App" */;
			buildPhases = (
				FA309EBC2C38D71C00C85FF4 /* Sources */,
				FA309EBD2C38D71C00C85FF4 /* Frameworks */,
				FA309EBE2C38D71C00C85FF4 /* Resources */,
			);
			buildRules = (
			);
			dependencies = (
			);
			name = "Demo Watch App";
			packageProductDependencies = (
				FA309EFD2C3EF68A00C85FF4 /* PreviewGallery */,
			);
			productName = "Demo Watch App";
			productReference = FA309EC02C38D71C00C85FF4 /* Demo Watch App.app */;
			productType = "com.apple.product-type.application";
		};
		FA309ED52C38D77C00C85FF4 /* DemoWatchTests */ = {
			isa = PBXNativeTarget;
			buildConfigurationList = FA309EDE2C38D77C00C85FF4 /* Build configuration list for PBXNativeTarget "DemoWatchTests" */;
			buildPhases = (
				FA309ED22C38D77C00C85FF4 /* Sources */,
				FA309ED32C38D77C00C85FF4 /* Frameworks */,
				FA309ED42C38D77C00C85FF4 /* Resources */,
				FA309EE42C38D7A900C85FF4 /* Embed Frameworks */,
			);
			buildRules = (
			);
			dependencies = (
				FA309EDD2C38D77C00C85FF4 /* PBXTargetDependency */,
			);
			name = DemoWatchTests;
			packageProductDependencies = (
				FA309EE12C38D7A900C85FF4 /* Snapshotting */,
				FA309EE52C38D7AC00C85FF4 /* SnapshottingTests */,
			);
			productName = Demo;
			productReference = FA309ED62C38D77C00C85FF4 /* DemoWatchTests.xctest */;
			productType = "com.apple.product-type.bundle.ui-testing";
		};
		FA8F8B7A2C66C4C4007CEA33 /* DemoAppTests */ = {
			isa = PBXNativeTarget;
			buildConfigurationList = FA8F8B832C66C4C4007CEA33 /* Build configuration list for PBXNativeTarget "DemoAppTests" */;
			buildPhases = (
				FA8F8B772C66C4C4007CEA33 /* Sources */,
				FA8F8B782C66C4C4007CEA33 /* Frameworks */,
				FA8F8B792C66C4C4007CEA33 /* Resources */,
			);
			buildRules = (
			);
			dependencies = (
				FA8F8B802C66C4C4007CEA33 /* PBXTargetDependency */,
			);
			name = DemoAppTests;
			packageProductDependencies = (
				FA8F8B842C66C4CA007CEA33 /* SnapshottingTests */,
				FA8E2F9D2E8D797000B7B9EB /* AccessibilitySnapshotCore */,
			);
			productName = DemoAppTests;
			productReference = FA8F8B7B2C66C4C4007CEA33 /* DemoAppTests.xctest */;
			productType = "com.apple.product-type.bundle.unit-test";
		};
		FAC167E62A5F41C500D79C23 /* DemoAppUITests */ = {
			isa = PBXNativeTarget;
			buildConfigurationList = FAC167EF2A5F41C500D79C23 /* Build configuration list for PBXNativeTarget "DemoAppUITests" */;
			buildPhases = (
				FAC167E32A5F41C500D79C23 /* Sources */,
				FAC167E42A5F41C500D79C23 /* Frameworks */,
				FAC167E52A5F41C500D79C23 /* Resources */,
				FA0D85412A72A3E9002A28ED /* Embed Frameworks */,
			);
			buildRules = (
			);
			dependencies = (
				FAC167EE2A5F41C500D79C23 /* PBXTargetDependency */,
			);
			name = DemoAppUITests;
			packageProductDependencies = (
				FA0D85422A72A5BD002A28ED /* SnapshottingTests */,
				FA4F5AD82A7A3E7700B268FF /* Snapshotting */,
			);
			productName = DemoAppUITests;
			productReference = FAC167E72A5F41C500D79C23 /* DemoAppUITests.xctest */;
			productType = "com.apple.product-type.bundle.ui-testing";
		};
		FACBAD9F2C67B8D60012D600 /* Demo Watch AppTests */ = {
			isa = PBXNativeTarget;
			buildConfigurationList = FACBADA62C67B8D60012D600 /* Build configuration list for PBXNativeTarget "Demo Watch AppTests" */;
			buildPhases = (
				FACBAD9C2C67B8D60012D600 /* Sources */,
				FACBAD9D2C67B8D60012D600 /* Frameworks */,
				FACBAD9E2C67B8D60012D600 /* Resources */,
			);
			buildRules = (
			);
			dependencies = (
				FACBADA52C67B8D60012D600 /* PBXTargetDependency */,
			);
			name = "Demo Watch AppTests";
			packageProductDependencies = (
				FACBADA92C67B8ED0012D600 /* SnapshottingTests */,
			);
			productName = "Demo Watch AppTests";
			productReference = FACBADA02C67B8D60012D600 /* Demo Watch AppTests.xctest */;
			productType = "com.apple.product-type.bundle.unit-test";
		};
/* End PBXNativeTarget section */

/* Begin PBXProject section */
		FA1671B72A5367A800A42DB0 /* Project object */ = {
			isa = PBXProject;
			attributes = {
				BuildIndependentTargetsInParallel = 1;
				LastSwiftUpdateCheck = 1540;
				LastUpgradeCheck = 1500;
				TargetAttributes = {
					FA1671BE2A5367A800A42DB0 = {
						CreatedOnToolsVersion = 15.0;
					};
					FA1671D62A5399F700A42DB0 = {
						CreatedOnToolsVersion = 15.0;
						LastSwiftMigration = 1500;
					};
					FA309EBF2C38D71C00C85FF4 = {
						CreatedOnToolsVersion = 15.4;
					};
					FA309ED52C38D77C00C85FF4 = {
						CreatedOnToolsVersion = 15.4;
						TestTargetID = FA309EBF2C38D71C00C85FF4;
					};
					FA8F8B7A2C66C4C4007CEA33 = {
						CreatedOnToolsVersion = 15.4;
						TestTargetID = FA1671BE2A5367A800A42DB0;
					};
					FAC167E62A5F41C500D79C23 = {
						CreatedOnToolsVersion = 14.3.1;
						LastSwiftMigration = 1430;
						TestTargetID = FA1671BE2A5367A800A42DB0;
					};
					FACBAD9F2C67B8D60012D600 = {
						CreatedOnToolsVersion = 15.4;
						TestTargetID = FA309EBF2C38D71C00C85FF4;
					};
				};
			};
			buildConfigurationList = FA1671BA2A5367A800A42DB0 /* Build configuration list for PBXProject "DemoApp" */;
			compatibilityVersion = "Xcode 14.0";
			developmentRegion = en;
			hasScannedForEncodings = 0;
			knownRegions = (
				en,
				Base,
			);
			mainGroup = FA1671B62A5367A800A42DB0;
			packageReferences = (
				FA8E2F9C2E8D797000B7B9EB /* XCRemoteSwiftPackageReference "AccessibilitySnapshot" */,
			);
			productRefGroup = FA1671C02A5367A800A42DB0 /* Products */;
			projectDirPath = "";
			projectRoot = "";
			targets = (
				FA1671BE2A5367A800A42DB0 /* DemoApp */,
				FA1671D62A5399F700A42DB0 /* DemoModule */,
				FAC167E62A5F41C500D79C23 /* DemoAppUITests */,
				FA309EBF2C38D71C00C85FF4 /* Demo Watch App */,
				FA309ED52C38D77C00C85FF4 /* DemoWatchTests */,
				FA8F8B7A2C66C4C4007CEA33 /* DemoAppTests */,
				FACBAD9F2C67B8D60012D600 /* Demo Watch AppTests */,
			);
		};
/* End PBXProject section */

/* Begin PBXResourcesBuildPhase section */
		FA1671BD2A5367A800A42DB0 /* Resources */ = {
			isa = PBXResourcesBuildPhase;
			buildActionMask = 2147483647;
			files = (
				FA1671CB2A5367A800A42DB0 /* Preview Assets.xcassets in Resources */,
				FA1671C72A5367A800A42DB0 /* Assets.xcassets in Resources */,
			);
			runOnlyForDeploymentPostprocessing = 0;
		};
		FA1671D52A5399F700A42DB0 /* Resources */ = {
			isa = PBXResourcesBuildPhase;
			buildActionMask = 2147483647;
			files = (
			);
			runOnlyForDeploymentPostprocessing = 0;
		};
		FA309EBE2C38D71C00C85FF4 /* Resources */ = {
			isa = PBXResourcesBuildPhase;
			buildActionMask = 2147483647;
			files = (
				FA309ECA2C38D71D00C85FF4 /* Preview Assets.xcassets in Resources */,
				FA309EC72C38D71D00C85FF4 /* Assets.xcassets in Resources */,
			);
			runOnlyForDeploymentPostprocessing = 0;
		};
		FA309ED42C38D77C00C85FF4 /* Resources */ = {
			isa = PBXResourcesBuildPhase;
			buildActionMask = 2147483647;
			files = (
			);
			runOnlyForDeploymentPostprocessing = 0;
		};
		FA8F8B792C66C4C4007CEA33 /* Resources */ = {
			isa = PBXResourcesBuildPhase;
			buildActionMask = 2147483647;
			files = (
			);
			runOnlyForDeploymentPostprocessing = 0;
		};
		FAC167E52A5F41C500D79C23 /* Resources */ = {
			isa = PBXResourcesBuildPhase;
			buildActionMask = 2147483647;
			files = (
			);
			runOnlyForDeploymentPostprocessing = 0;
		};
		FACBAD9E2C67B8D60012D600 /* Resources */ = {
			isa = PBXResourcesBuildPhase;
			buildActionMask = 2147483647;
			files = (
			);
			runOnlyForDeploymentPostprocessing = 0;
		};
/* End PBXResourcesBuildPhase section */

/* Begin PBXSourcesBuildPhase section */
		FA1671BB2A5367A800A42DB0 /* Sources */ = {
			isa = PBXSourcesBuildPhase;
			buildActionMask = 2147483647;
			files = (
				FA1671C52A5367A800A42DB0 /* ContentView.swift in Sources */,
				FAC912372C894B6E00459191 /* OSVersionView.swift in Sources */,
				FAD52BF82A7B5EEA001F1832 /* RideDetailView.swift in Sources */,
				FA1671C32A5367A800A42DB0 /* DemoAppApp.swift in Sources */,
				FAD0107B2AA29ABA007D1AF6 /* TextView.swift in Sources */,
				FA0B20FA2A7DCB0100EC91D3 /* ArrayBuilder.swift in Sources */,
				FA1E452E2ADF3C3D002C85DB /* UIViewPreviews.swift in Sources */,
				FA40515D2A95B587007A66D4 /* EmptyView.swift in Sources */,
				FAD52BFA2A7B5EEA001F1832 /* RideOptionsView.swift in Sources */,
				FA5E82972A96448A008DE3F0 /* StateView.swift in Sources */,
				FABCCD932AC39081008F4D3A /* EMGTestHandler.swift in Sources */,
				FA0B20F12A7DA20200EC91D3 /* AnyViewPreview.swift in Sources */,
				FA0B20FB2A7DCB0100EC91D3 /* PreviewVariants.swift in Sources */,
				FAD52BF72A7B5EEA001F1832 /* CodeEntryView.swift in Sources */,
				FAD52BF62A7B5EEA001F1832 /* ExpandingView.swift in Sources */,
				FAD52BF92A7B5EEA001F1832 /* RideShareButton.swift in Sources */,
			);
			runOnlyForDeploymentPostprocessing = 0;
		};
		FA1671D32A5399F700A42DB0 /* Sources */ = {
			isa = PBXSourcesBuildPhase;
			buildActionMask = 2147483647;
			files = (
				FA1671E62A539CCF00A42DB0 /* ButtonView.swift in Sources */,
				FA9C8E442A56959300DC4574 /* RatingPreviews.swift in Sources */,
				FA13B8F02B3E8BAB00F58836 /* DateView.swift in Sources */,
				FA1671E42A539A0500A42DB0 /* RowView.swift in Sources */,
				FA1671E82A539EA900A42DB0 /* ProductCard.swift in Sources */,
				FAA4F4CF2B271D9C00127B63 /* Color.swift in Sources */,
				FA1671FB2A53E03800A42DB0 /* MessageRow.swift in Sources */,
				FA1671FF2A53E1AF00A42DB0 /* ConversationMessageView.swift in Sources */,
				FA1671FD2A53E11E00A42DB0 /* MessageView.swift in Sources */,
				FA1671F52A53A0E100A42DB0 /* FeatureCardView.swift in Sources */,
				FA1671F32A53A0AA00A42DB0 /* InfoCardView.swift in Sources */,
				FA1671EA2A539F6E00A42DB0 /* RatingView.swift in Sources */,
				FA1671F92A53DBF200A42DB0 /* HomeMapView.swift in Sources */,
				FA1671F72A53A15200A42DB0 /* TripCardView.swift in Sources */,
			);
			runOnlyForDeploymentPostprocessing = 0;
		};
		FA309EBC2C38D71C00C85FF4 /* Sources */ = {
			isa = PBXSourcesBuildPhase;
			buildActionMask = 2147483647;
			files = (
				FA309EC52C38D71C00C85FF4 /* ContentView.swift in Sources */,
				FA309EC32C38D71C00C85FF4 /* DemoApp.swift in Sources */,
			);
			runOnlyForDeploymentPostprocessing = 0;
		};
		FA309ED22C38D77C00C85FF4 /* Sources */ = {
			isa = PBXSourcesBuildPhase;
			buildActionMask = 2147483647;
			files = (
				FA309EE72C38EB9B00C85FF4 /* DemoWatchAccessibilityPreviewTest.swift in Sources */,
			);
			runOnlyForDeploymentPostprocessing = 0;
		};
		FA8F8B772C66C4C4007CEA33 /* Sources */ = {
			isa = PBXSourcesBuildPhase;
			buildActionMask = 2147483647;
			files = (
				FADB112C2C67A17500985C48 /* DemoAppSnapshotTest.swift in Sources */,
				FA8F8B7E2C66C4C4007CEA33 /* DemoAppPreviewTest.swift in Sources */,
			);
			runOnlyForDeploymentPostprocessing = 0;
		};
		FAC167E32A5F41C500D79C23 /* Sources */ = {
			isa = PBXSourcesBuildPhase;
			buildActionMask = 2147483647;
			files = (
				FA3C0DE72A620E9A00278952 /* DemoAppAccessibilityPreviewTest.swift in Sources */,
			);
			runOnlyForDeploymentPostprocessing = 0;
		};
		FACBAD9C2C67B8D60012D600 /* Sources */ = {
			isa = PBXSourcesBuildPhase;
			buildActionMask = 2147483647;
			files = (
				FACBADAC2C67B9A50012D600 /* DemoWatchSnapshotTest.swift in Sources */,
				FACBADA32C67B8D60012D600 /* DemoWatchPreviewTest.swift in Sources */,
			);
			runOnlyForDeploymentPostprocessing = 0;
		};
/* End PBXSourcesBuildPhase section */

/* Begin PBXTargetDependency section */
		FA1671DC2A5399F700A42DB0 /* PBXTargetDependency */ = {
			isa = PBXTargetDependency;
			target = FA1671D62A5399F700A42DB0 /* DemoModule */;
			targetProxy = FA1671DB2A5399F700A42DB0 /* PBXContainerItemProxy */;
		};
		FA309ECC2C38D71D00C85FF4 /* PBXTargetDependency */ = {
			isa = PBXTargetDependency;
			platformFilter = ios;
			target = FA309EBF2C38D71C00C85FF4 /* Demo Watch App */;
			targetProxy = FA309ECB2C38D71D00C85FF4 /* PBXContainerItemProxy */;
		};
		FA309EDD2C38D77C00C85FF4 /* PBXTargetDependency */ = {
			isa = PBXTargetDependency;
			target = FA309EBF2C38D71C00C85FF4 /* Demo Watch App */;
			targetProxy = FA309EDC2C38D77C00C85FF4 /* PBXContainerItemProxy */;
		};
		FA8F8B802C66C4C4007CEA33 /* PBXTargetDependency */ = {
			isa = PBXTargetDependency;
			platformFilters = (
				ios,
				maccatalyst,
				macos,
			);
			target = FA1671BE2A5367A800A42DB0 /* DemoApp */;
			targetProxy = FA8F8B7F2C66C4C4007CEA33 /* PBXContainerItemProxy */;
		};
		FAC167EE2A5F41C500D79C23 /* PBXTargetDependency */ = {
			isa = PBXTargetDependency;
			platformFilters = (
				ios,
				maccatalyst,
			);
			target = FA1671BE2A5367A800A42DB0 /* DemoApp */;
			targetProxy = FAC167ED2A5F41C500D79C23 /* PBXContainerItemProxy */;
		};
		FACBADA52C67B8D60012D600 /* PBXTargetDependency */ = {
			isa = PBXTargetDependency;
			target = FA309EBF2C38D71C00C85FF4 /* Demo Watch App */;
			targetProxy = FACBADA42C67B8D60012D600 /* PBXContainerItemProxy */;
		};
/* End PBXTargetDependency section */

/* Begin XCBuildConfiguration section */
		FA1671CC2A5367A800A42DB0 /* Debug */ = {
			isa = XCBuildConfiguration;
			buildSettings = {
				ALWAYS_SEARCH_USER_PATHS = NO;
				ASSETCATALOG_COMPILER_GENERATE_SWIFT_ASSET_SYMBOL_EXTENSIONS = YES;
				CLANG_ANALYZER_NONNULL = YES;
				CLANG_ANALYZER_NUMBER_OBJECT_CONVERSION = YES_AGGRESSIVE;
				CLANG_CXX_LANGUAGE_STANDARD = "gnu++20";
				CLANG_ENABLE_MODULES = YES;
				CLANG_ENABLE_OBJC_ARC = YES;
				CLANG_ENABLE_OBJC_WEAK = YES;
				CLANG_WARN_BLOCK_CAPTURE_AUTORELEASING = YES;
				CLANG_WARN_BOOL_CONVERSION = YES;
				CLANG_WARN_COMMA = YES;
				CLANG_WARN_CONSTANT_CONVERSION = YES;
				CLANG_WARN_DEPRECATED_OBJC_IMPLEMENTATIONS = YES;
				CLANG_WARN_DIRECT_OBJC_ISA_USAGE = YES_ERROR;
				CLANG_WARN_DOCUMENTATION_COMMENTS = YES;
				CLANG_WARN_EMPTY_BODY = YES;
				CLANG_WARN_ENUM_CONVERSION = YES;
				CLANG_WARN_INFINITE_RECURSION = YES;
				CLANG_WARN_INT_CONVERSION = YES;
				CLANG_WARN_NON_LITERAL_NULL_CONVERSION = YES;
				CLANG_WARN_OBJC_IMPLICIT_RETAIN_SELF = YES;
				CLANG_WARN_OBJC_LITERAL_CONVERSION = YES;
				CLANG_WARN_OBJC_ROOT_CLASS = YES_ERROR;
				CLANG_WARN_QUOTED_INCLUDE_IN_FRAMEWORK_HEADER = YES;
				CLANG_WARN_RANGE_LOOP_ANALYSIS = YES;
				CLANG_WARN_STRICT_PROTOTYPES = YES;
				CLANG_WARN_SUSPICIOUS_MOVE = YES;
				CLANG_WARN_UNGUARDED_AVAILABILITY = YES_AGGRESSIVE;
				CLANG_WARN_UNREACHABLE_CODE = YES;
				CLANG_WARN__DUPLICATE_METHOD_MATCH = YES;
				COPY_PHASE_STRIP = NO;
				DEBUG_INFORMATION_FORMAT = dwarf;
				ENABLE_STRICT_OBJC_MSGSEND = YES;
				ENABLE_TESTABILITY = YES;
				ENABLE_USER_SCRIPT_SANDBOXING = YES;
				GCC_C_LANGUAGE_STANDARD = gnu17;
				GCC_DYNAMIC_NO_PIC = NO;
				GCC_NO_COMMON_BLOCKS = YES;
				GCC_OPTIMIZATION_LEVEL = 0;
				GCC_PREPROCESSOR_DEFINITIONS = (
					"DEBUG=1",
					"$(inherited)",
				);
				GCC_WARN_64_TO_32_BIT_CONVERSION = YES;
				GCC_WARN_ABOUT_RETURN_TYPE = YES_ERROR;
				GCC_WARN_UNDECLARED_SELECTOR = YES;
				GCC_WARN_UNINITIALIZED_AUTOS = YES_AGGRESSIVE;
				GCC_WARN_UNUSED_FUNCTION = YES;
				GCC_WARN_UNUSED_VARIABLE = YES;
				LOCALIZATION_PREFERS_STRING_CATALOGS = YES;
				MTL_ENABLE_DEBUG_INFO = INCLUDE_SOURCE;
				MTL_FAST_MATH = YES;
				ONLY_ACTIVE_ARCH = YES;
				SWIFT_ACTIVE_COMPILATION_CONDITIONS = "DEBUG $(inherited)";
				SWIFT_OPTIMIZATION_LEVEL = "-Onone";
			};
			name = Debug;
		};
		FA1671CD2A5367A800A42DB0 /* Release */ = {
			isa = XCBuildConfiguration;
			buildSettings = {
				ALWAYS_SEARCH_USER_PATHS = NO;
				ASSETCATALOG_COMPILER_GENERATE_SWIFT_ASSET_SYMBOL_EXTENSIONS = YES;
				CLANG_ANALYZER_NONNULL = YES;
				CLANG_ANALYZER_NUMBER_OBJECT_CONVERSION = YES_AGGRESSIVE;
				CLANG_CXX_LANGUAGE_STANDARD = "gnu++20";
				CLANG_ENABLE_MODULES = YES;
				CLANG_ENABLE_OBJC_ARC = YES;
				CLANG_ENABLE_OBJC_WEAK = YES;
				CLANG_WARN_BLOCK_CAPTURE_AUTORELEASING = YES;
				CLANG_WARN_BOOL_CONVERSION = YES;
				CLANG_WARN_COMMA = YES;
				CLANG_WARN_CONSTANT_CONVERSION = YES;
				CLANG_WARN_DEPRECATED_OBJC_IMPLEMENTATIONS = YES;
				CLANG_WARN_DIRECT_OBJC_ISA_USAGE = YES_ERROR;
				CLANG_WARN_DOCUMENTATION_COMMENTS = YES;
				CLANG_WARN_EMPTY_BODY = YES;
				CLANG_WARN_ENUM_CONVERSION = YES;
				CLANG_WARN_INFINITE_RECURSION = YES;
				CLANG_WARN_INT_CONVERSION = YES;
				CLANG_WARN_NON_LITERAL_NULL_CONVERSION = YES;
				CLANG_WARN_OBJC_IMPLICIT_RETAIN_SELF = YES;
				CLANG_WARN_OBJC_LITERAL_CONVERSION = YES;
				CLANG_WARN_OBJC_ROOT_CLASS = YES_ERROR;
				CLANG_WARN_QUOTED_INCLUDE_IN_FRAMEWORK_HEADER = YES;
				CLANG_WARN_RANGE_LOOP_ANALYSIS = YES;
				CLANG_WARN_STRICT_PROTOTYPES = YES;
				CLANG_WARN_SUSPICIOUS_MOVE = YES;
				CLANG_WARN_UNGUARDED_AVAILABILITY = YES_AGGRESSIVE;
				CLANG_WARN_UNREACHABLE_CODE = YES;
				CLANG_WARN__DUPLICATE_METHOD_MATCH = YES;
				COPY_PHASE_STRIP = NO;
				DEBUG_INFORMATION_FORMAT = "dwarf-with-dsym";
				ENABLE_NS_ASSERTIONS = NO;
				ENABLE_STRICT_OBJC_MSGSEND = YES;
				ENABLE_USER_SCRIPT_SANDBOXING = YES;
				GCC_C_LANGUAGE_STANDARD = gnu17;
				GCC_NO_COMMON_BLOCKS = YES;
				GCC_WARN_64_TO_32_BIT_CONVERSION = YES;
				GCC_WARN_ABOUT_RETURN_TYPE = YES_ERROR;
				GCC_WARN_UNDECLARED_SELECTOR = YES;
				GCC_WARN_UNINITIALIZED_AUTOS = YES_AGGRESSIVE;
				GCC_WARN_UNUSED_FUNCTION = YES;
				GCC_WARN_UNUSED_VARIABLE = YES;
				LOCALIZATION_PREFERS_STRING_CATALOGS = YES;
				MTL_ENABLE_DEBUG_INFO = NO;
				MTL_FAST_MATH = YES;
				SWIFT_COMPILATION_MODE = wholemodule;
			};
			name = Release;
		};
		FA1671CF2A5367A800A42DB0 /* Debug */ = {
			isa = XCBuildConfiguration;
			buildSettings = {
				ALWAYS_EMBED_SWIFT_STANDARD_LIBRARIES = YES;
				ASSETCATALOG_COMPILER_APPICON_NAME = AppIcon;
				ASSETCATALOG_COMPILER_GLOBAL_ACCENT_COLOR_NAME = AccentColor;
				CODE_SIGN_ENTITLEMENTS = DemoApp/DemoApp.entitlements;
				CODE_SIGN_STYLE = Automatic;
				CURRENT_PROJECT_VERSION = 1;
				DEVELOPMENT_ASSET_PATHS = "\"DemoApp/Preview Content\"";
				DEVELOPMENT_TEAM = 62J2XHNK9T;
				ENABLE_DEBUG_DYLIB = NO;
				ENABLE_HARDENED_RUNTIME = NO;
				ENABLE_PREVIEWS = YES;
				GENERATE_INFOPLIST_FILE = YES;
				"INFOPLIST_KEY_UIApplicationSceneManifest_Generation[sdk=iphoneos*]" = YES;
				"INFOPLIST_KEY_UIApplicationSceneManifest_Generation[sdk=iphonesimulator*]" = YES;
				"INFOPLIST_KEY_UIApplicationSupportsIndirectInputEvents[sdk=iphoneos*]" = YES;
				"INFOPLIST_KEY_UIApplicationSupportsIndirectInputEvents[sdk=iphonesimulator*]" = YES;
				"INFOPLIST_KEY_UILaunchScreen_Generation[sdk=iphoneos*]" = YES;
				"INFOPLIST_KEY_UILaunchScreen_Generation[sdk=iphonesimulator*]" = YES;
				"INFOPLIST_KEY_UIStatusBarStyle[sdk=iphoneos*]" = UIStatusBarStyleDefault;
				"INFOPLIST_KEY_UIStatusBarStyle[sdk=iphonesimulator*]" = UIStatusBarStyleDefault;
				INFOPLIST_KEY_UISupportedInterfaceOrientations_iPad = "UIInterfaceOrientationPortrait UIInterfaceOrientationPortraitUpsideDown UIInterfaceOrientationLandscapeLeft UIInterfaceOrientationLandscapeRight";
				INFOPLIST_KEY_UISupportedInterfaceOrientations_iPhone = "UIInterfaceOrientationPortrait UIInterfaceOrientationLandscapeLeft UIInterfaceOrientationLandscapeRight";
				IPHONEOS_DEPLOYMENT_TARGET = 16.0;
				LD_RUNPATH_SEARCH_PATHS = "@executable_path/Frameworks";
				"LD_RUNPATH_SEARCH_PATHS[sdk=macosx*]" = "@executable_path/../Frameworks";
				MACOSX_DEPLOYMENT_TARGET = 13.4;
				MARKETING_VERSION = 1.0;
				PRODUCT_BUNDLE_IDENTIFIER = com.emerge.PreviewsDemoApp;
				PRODUCT_NAME = "$(TARGET_NAME)";
				RUN_DOCUMENTATION_COMPILER = YES;
				SDKROOT = auto;
				SUPPORTED_PLATFORMS = "iphoneos iphonesimulator macosx xros xrsimulator";
				SUPPORTS_MACCATALYST = YES;
				SUPPORTS_MAC_DESIGNED_FOR_IPHONE_IPAD = YES;
				SWIFT_EMIT_LOC_STRINGS = YES;
				SWIFT_VERSION = 5.0;
				TARGETED_DEVICE_FAMILY = "1,2,7";
			};
			name = Debug;
		};
		FA1671D02A5367A800A42DB0 /* Release */ = {
			isa = XCBuildConfiguration;
			buildSettings = {
				ALWAYS_EMBED_SWIFT_STANDARD_LIBRARIES = YES;
				ASSETCATALOG_COMPILER_APPICON_NAME = AppIcon;
				ASSETCATALOG_COMPILER_GLOBAL_ACCENT_COLOR_NAME = AccentColor;
				CODE_SIGN_ENTITLEMENTS = DemoApp/DemoApp.entitlements;
				CODE_SIGN_STYLE = Automatic;
				CURRENT_PROJECT_VERSION = 1;
				DEVELOPMENT_ASSET_PATHS = "\"DemoApp/Preview Content\"";
				DEVELOPMENT_TEAM = 62J2XHNK9T;
				ENABLE_DEBUG_DYLIB = NO;
				ENABLE_HARDENED_RUNTIME = NO;
				ENABLE_PREVIEWS = YES;
				GENERATE_INFOPLIST_FILE = YES;
				"INFOPLIST_KEY_UIApplicationSceneManifest_Generation[sdk=iphoneos*]" = YES;
				"INFOPLIST_KEY_UIApplicationSceneManifest_Generation[sdk=iphonesimulator*]" = YES;
				"INFOPLIST_KEY_UIApplicationSupportsIndirectInputEvents[sdk=iphoneos*]" = YES;
				"INFOPLIST_KEY_UIApplicationSupportsIndirectInputEvents[sdk=iphonesimulator*]" = YES;
				"INFOPLIST_KEY_UILaunchScreen_Generation[sdk=iphoneos*]" = YES;
				"INFOPLIST_KEY_UILaunchScreen_Generation[sdk=iphonesimulator*]" = YES;
				"INFOPLIST_KEY_UIStatusBarStyle[sdk=iphoneos*]" = UIStatusBarStyleDefault;
				"INFOPLIST_KEY_UIStatusBarStyle[sdk=iphonesimulator*]" = UIStatusBarStyleDefault;
				INFOPLIST_KEY_UISupportedInterfaceOrientations_iPad = "UIInterfaceOrientationPortrait UIInterfaceOrientationPortraitUpsideDown UIInterfaceOrientationLandscapeLeft UIInterfaceOrientationLandscapeRight";
				INFOPLIST_KEY_UISupportedInterfaceOrientations_iPhone = "UIInterfaceOrientationPortrait UIInterfaceOrientationLandscapeLeft UIInterfaceOrientationLandscapeRight";
				IPHONEOS_DEPLOYMENT_TARGET = 16.0;
				LD_RUNPATH_SEARCH_PATHS = "@executable_path/Frameworks";
				"LD_RUNPATH_SEARCH_PATHS[sdk=macosx*]" = "@executable_path/../Frameworks";
				MACOSX_DEPLOYMENT_TARGET = 13.4;
				MARKETING_VERSION = 1.0;
				PRODUCT_BUNDLE_IDENTIFIER = com.emerge.PreviewsDemoApp;
				PRODUCT_NAME = "$(TARGET_NAME)";
				RUN_DOCUMENTATION_COMPILER = YES;
				SDKROOT = auto;
				SUPPORTED_PLATFORMS = "iphoneos iphonesimulator macosx xros xrsimulator";
				SUPPORTS_MACCATALYST = YES;
				SUPPORTS_MAC_DESIGNED_FOR_IPHONE_IPAD = YES;
				SWIFT_EMIT_LOC_STRINGS = YES;
				SWIFT_VERSION = 5.0;
				TARGETED_DEVICE_FAMILY = "1,2,7";
			};
			name = Release;
		};
		FA1671E02A5399F700A42DB0 /* Debug */ = {
			isa = XCBuildConfiguration;
			buildSettings = {
				CLANG_ENABLE_MODULES = YES;
				CODE_SIGN_STYLE = Automatic;
				CURRENT_PROJECT_VERSION = 1;
				DEFINES_MODULE = YES;
				DEVELOPMENT_TEAM = J9H72XH8P9;
				DYLIB_COMPATIBILITY_VERSION = 1;
				DYLIB_CURRENT_VERSION = 1;
				DYLIB_INSTALL_NAME_BASE = "@rpath";
				ENABLE_MODULE_VERIFIER = YES;
				GENERATE_INFOPLIST_FILE = YES;
				INFOPLIST_KEY_NSHumanReadableCopyright = "";
				INSTALL_PATH = "$(LOCAL_LIBRARY_DIR)/Frameworks";
				IPHONEOS_DEPLOYMENT_TARGET = 15.0;
				LD_RUNPATH_SEARCH_PATHS = (
					"@executable_path/Frameworks",
					"@loader_path/Frameworks",
				);
				"LD_RUNPATH_SEARCH_PATHS[sdk=macosx*]" = (
					"@executable_path/../Frameworks",
					"@loader_path/Frameworks",
				);
				MACOSX_DEPLOYMENT_TARGET = 13.4;
				MARKETING_VERSION = 1.0;
				MODULE_VERIFIER_SUPPORTED_LANGUAGES = "objective-c objective-c++";
				MODULE_VERIFIER_SUPPORTED_LANGUAGE_STANDARDS = "gnu17 gnu++20";
				PRODUCT_BUNDLE_IDENTIFIER = com.emerge.DemoModule;
				PRODUCT_NAME = "$(TARGET_NAME:c99extidentifier)";
				SDKROOT = auto;
				SKIP_INSTALL = YES;
				SUPPORTED_PLATFORMS = "iphoneos iphonesimulator macosx xros xrsimulator";
				SUPPORTS_MACCATALYST = NO;
				SUPPORTS_XR_DESIGNED_FOR_IPHONE_IPAD = YES;
				SWIFT_EMIT_LOC_STRINGS = YES;
				SWIFT_OPTIMIZATION_LEVEL = "-Onone";
				SWIFT_VERSION = 5.0;
				TARGETED_DEVICE_FAMILY = "1,2,7";
				VERSIONING_SYSTEM = "apple-generic";
				VERSION_INFO_PREFIX = "";
			};
			name = Debug;
		};
		FA1671E12A5399F700A42DB0 /* Release */ = {
			isa = XCBuildConfiguration;
			buildSettings = {
				CLANG_ENABLE_MODULES = YES;
				CODE_SIGN_STYLE = Automatic;
				CURRENT_PROJECT_VERSION = 1;
				DEFINES_MODULE = YES;
				DEVELOPMENT_TEAM = J9H72XH8P9;
				DYLIB_COMPATIBILITY_VERSION = 1;
				DYLIB_CURRENT_VERSION = 1;
				DYLIB_INSTALL_NAME_BASE = "@rpath";
				ENABLE_MODULE_VERIFIER = YES;
				GENERATE_INFOPLIST_FILE = YES;
				INFOPLIST_KEY_NSHumanReadableCopyright = "";
				INSTALL_PATH = "$(LOCAL_LIBRARY_DIR)/Frameworks";
				IPHONEOS_DEPLOYMENT_TARGET = 15.0;
				LD_RUNPATH_SEARCH_PATHS = (
					"@executable_path/Frameworks",
					"@loader_path/Frameworks",
				);
				"LD_RUNPATH_SEARCH_PATHS[sdk=macosx*]" = (
					"@executable_path/../Frameworks",
					"@loader_path/Frameworks",
				);
				MACOSX_DEPLOYMENT_TARGET = 13.4;
				MARKETING_VERSION = 1.0;
				MODULE_VERIFIER_SUPPORTED_LANGUAGES = "objective-c objective-c++";
				MODULE_VERIFIER_SUPPORTED_LANGUAGE_STANDARDS = "gnu17 gnu++20";
				PRODUCT_BUNDLE_IDENTIFIER = com.emerge.DemoModule;
				PRODUCT_NAME = "$(TARGET_NAME:c99extidentifier)";
				SDKROOT = auto;
				SKIP_INSTALL = YES;
				SUPPORTED_PLATFORMS = "iphoneos iphonesimulator macosx xros xrsimulator";
				SUPPORTS_MACCATALYST = NO;
				SUPPORTS_XR_DESIGNED_FOR_IPHONE_IPAD = YES;
				SWIFT_EMIT_LOC_STRINGS = YES;
				SWIFT_VERSION = 5.0;
				TARGETED_DEVICE_FAMILY = "1,2,7";
				VERSIONING_SYSTEM = "apple-generic";
				VERSION_INFO_PREFIX = "";
			};
			name = Release;
		};
		FA309ECF2C38D71D00C85FF4 /* Debug */ = {
			isa = XCBuildConfiguration;
			buildSettings = {
				ASSETCATALOG_COMPILER_APPICON_NAME = AppIcon;
				ASSETCATALOG_COMPILER_GLOBAL_ACCENT_COLOR_NAME = AccentColor;
				CODE_SIGN_STYLE = Automatic;
				CURRENT_PROJECT_VERSION = 1;
				DEVELOPMENT_ASSET_PATHS = "\"Demo Watch App/Preview Content\"";
				DEVELOPMENT_TEAM = 62J2XHNK9T;
				ENABLE_PREVIEWS = YES;
				GENERATE_INFOPLIST_FILE = YES;
				INFOPLIST_KEY_CFBundleDisplayName = Demo;
				INFOPLIST_KEY_UISupportedInterfaceOrientations = "UIInterfaceOrientationPortrait UIInterfaceOrientationPortraitUpsideDown";
				INFOPLIST_KEY_WKCompanionAppBundleIdentifier = com.emerge.PreviewsDemoApp;
				LD_RUNPATH_SEARCH_PATHS = (
					"$(inherited)",
					"@executable_path/Frameworks",
				);
				MARKETING_VERSION = 1.0;
				PRODUCT_BUNDLE_IDENTIFIER = com.emerge.PreviewsDemoApp.watchkitapp;
				PRODUCT_NAME = "$(TARGET_NAME)";
				SDKROOT = watchos;
				SKIP_INSTALL = YES;
				SWIFT_EMIT_LOC_STRINGS = YES;
				SWIFT_VERSION = 5.0;
				TARGETED_DEVICE_FAMILY = 4;
				WATCHOS_DEPLOYMENT_TARGET = 10.0;
			};
			name = Debug;
		};
		FA309ED02C38D71D00C85FF4 /* Release */ = {
			isa = XCBuildConfiguration;
			buildSettings = {
				ASSETCATALOG_COMPILER_APPICON_NAME = AppIcon;
				ASSETCATALOG_COMPILER_GLOBAL_ACCENT_COLOR_NAME = AccentColor;
				CODE_SIGN_STYLE = Automatic;
				CURRENT_PROJECT_VERSION = 1;
				DEVELOPMENT_ASSET_PATHS = "\"Demo Watch App/Preview Content\"";
				DEVELOPMENT_TEAM = 62J2XHNK9T;
				ENABLE_PREVIEWS = YES;
				GENERATE_INFOPLIST_FILE = YES;
				INFOPLIST_KEY_CFBundleDisplayName = Demo;
				INFOPLIST_KEY_UISupportedInterfaceOrientations = "UIInterfaceOrientationPortrait UIInterfaceOrientationPortraitUpsideDown";
				INFOPLIST_KEY_WKCompanionAppBundleIdentifier = com.emerge.PreviewsDemoApp;
				LD_RUNPATH_SEARCH_PATHS = (
					"$(inherited)",
					"@executable_path/Frameworks",
				);
				MARKETING_VERSION = 1.0;
				PRODUCT_BUNDLE_IDENTIFIER = com.emerge.PreviewsDemoApp.watchkitapp;
				PRODUCT_NAME = "$(TARGET_NAME)";
				SDKROOT = watchos;
				SKIP_INSTALL = YES;
				SWIFT_EMIT_LOC_STRINGS = YES;
				SWIFT_VERSION = 5.0;
				TARGETED_DEVICE_FAMILY = 4;
				VALIDATE_PRODUCT = YES;
				WATCHOS_DEPLOYMENT_TARGET = 10.0;
			};
			name = Release;
		};
		FA309EDF2C38D77C00C85FF4 /* Debug */ = {
			isa = XCBuildConfiguration;
			buildSettings = {
				CODE_SIGN_STYLE = Automatic;
				CURRENT_PROJECT_VERSION = 1;
				DEVELOPMENT_TEAM = J9H72XH8P9;
				GENERATE_INFOPLIST_FILE = YES;
				MARKETING_VERSION = 1.0;
				PRODUCT_BUNDLE_IDENTIFIER = com.emerge.Demo;
				PRODUCT_NAME = "$(TARGET_NAME)";
				SDKROOT = watchos;
				SWIFT_EMIT_LOC_STRINGS = NO;
				SWIFT_VERSION = 5.0;
				TARGETED_DEVICE_FAMILY = 4;
				TEST_TARGET_NAME = "Demo Watch App";
				WATCHOS_DEPLOYMENT_TARGET = 10.5;
			};
			name = Debug;
		};
		FA309EE02C38D77C00C85FF4 /* Release */ = {
			isa = XCBuildConfiguration;
			buildSettings = {
				CODE_SIGN_STYLE = Automatic;
				CURRENT_PROJECT_VERSION = 1;
				DEVELOPMENT_TEAM = J9H72XH8P9;
				GENERATE_INFOPLIST_FILE = YES;
				MARKETING_VERSION = 1.0;
				PRODUCT_BUNDLE_IDENTIFIER = com.emerge.Demo;
				PRODUCT_NAME = "$(TARGET_NAME)";
				SDKROOT = watchos;
				SWIFT_EMIT_LOC_STRINGS = NO;
				SWIFT_VERSION = 5.0;
				TARGETED_DEVICE_FAMILY = 4;
				TEST_TARGET_NAME = "Demo Watch App";
				VALIDATE_PRODUCT = YES;
				WATCHOS_DEPLOYMENT_TARGET = 10.5;
			};
			name = Release;
		};
		FA8F8B812C66C4C4007CEA33 /* Debug */ = {
			isa = XCBuildConfiguration;
			buildSettings = {
				BUNDLE_LOADER = "$(TEST_HOST)";
				CODE_SIGN_STYLE = Automatic;
				CURRENT_PROJECT_VERSION = 1;
				DEVELOPMENT_TEAM = J9H72XH8P9;
				GENERATE_INFOPLIST_FILE = YES;
				IPHONEOS_DEPLOYMENT_TARGET = 17.5;
				MARKETING_VERSION = 1.0;
				PRODUCT_BUNDLE_IDENTIFIER = com.emerge.DemoAppTests;
				PRODUCT_NAME = "$(TARGET_NAME)";
				SDKROOT = iphoneos;
				SUPPORTED_PLATFORMS = "iphoneos iphonesimulator macosx";
				SUPPORTS_MACCATALYST = YES;
				SWIFT_EMIT_LOC_STRINGS = NO;
				SWIFT_VERSION = 5.0;
				TARGETED_DEVICE_FAMILY = "1,2";
				TEST_HOST = "$(BUILT_PRODUCTS_DIR)/DemoApp.app/$(BUNDLE_EXECUTABLE_FOLDER_PATH)/DemoApp";
			};
			name = Debug;
		};
		FA8F8B822C66C4C4007CEA33 /* Release */ = {
			isa = XCBuildConfiguration;
			buildSettings = {
				BUNDLE_LOADER = "$(TEST_HOST)";
				CODE_SIGN_STYLE = Automatic;
				CURRENT_PROJECT_VERSION = 1;
				DEVELOPMENT_TEAM = J9H72XH8P9;
				GENERATE_INFOPLIST_FILE = YES;
				IPHONEOS_DEPLOYMENT_TARGET = 17.5;
				MARKETING_VERSION = 1.0;
				PRODUCT_BUNDLE_IDENTIFIER = com.emerge.DemoAppTests;
				PRODUCT_NAME = "$(TARGET_NAME)";
				SDKROOT = iphoneos;
				SUPPORTED_PLATFORMS = "iphoneos iphonesimulator macosx";
				SUPPORTS_MACCATALYST = YES;
				SWIFT_EMIT_LOC_STRINGS = NO;
				SWIFT_VERSION = 5.0;
				TARGETED_DEVICE_FAMILY = "1,2";
				TEST_HOST = "$(BUILT_PRODUCTS_DIR)/DemoApp.app/$(BUNDLE_EXECUTABLE_FOLDER_PATH)/DemoApp";
				VALIDATE_PRODUCT = YES;
			};
			name = Release;
		};
		FAC167F02A5F41C500D79C23 /* Debug */ = {
			isa = XCBuildConfiguration;
			buildSettings = {
				CLANG_ENABLE_MODULES = YES;
				CODE_SIGN_STYLE = Automatic;
				CURRENT_PROJECT_VERSION = 1;
				DEVELOPMENT_TEAM = J9H72XH8P9;
				GCC_C_LANGUAGE_STANDARD = gnu11;
				GENERATE_INFOPLIST_FILE = YES;
				IPHONEOS_DEPLOYMENT_TARGET = 15.0;
				MARKETING_VERSION = 1.0;
				PRODUCT_BUNDLE_IDENTIFIER = com.emerge.DemoAppUITests;
				PRODUCT_NAME = "$(TARGET_NAME)";
				SDKROOT = iphoneos;
				SUPPORTED_PLATFORMS = "iphoneos iphonesimulator";
				SUPPORTS_MACCATALYST = YES;
				SWIFT_ACTIVE_COMPILATION_CONDITIONS = DEBUG;
				SWIFT_EMIT_LOC_STRINGS = NO;
				SWIFT_OPTIMIZATION_LEVEL = "-Onone";
				SWIFT_VERSION = 5.0;
				TARGETED_DEVICE_FAMILY = "1,2";
				TEST_TARGET_NAME = DemoApp;
			};
			name = Debug;
		};
		FAC167F12A5F41C500D79C23 /* Release */ = {
			isa = XCBuildConfiguration;
			buildSettings = {
				CLANG_ENABLE_MODULES = YES;
				CODE_SIGN_STYLE = Automatic;
				CURRENT_PROJECT_VERSION = 1;
				DEVELOPMENT_TEAM = J9H72XH8P9;
				GCC_C_LANGUAGE_STANDARD = gnu11;
				GENERATE_INFOPLIST_FILE = YES;
				IPHONEOS_DEPLOYMENT_TARGET = 15.0;
				MARKETING_VERSION = 1.0;
				PRODUCT_BUNDLE_IDENTIFIER = com.emerge.DemoAppUITests;
				PRODUCT_NAME = "$(TARGET_NAME)";
				SDKROOT = iphoneos;
				SUPPORTED_PLATFORMS = "iphoneos iphonesimulator";
				SUPPORTS_MACCATALYST = YES;
				SWIFT_EMIT_LOC_STRINGS = NO;
				SWIFT_OPTIMIZATION_LEVEL = "-O";
				SWIFT_VERSION = 5.0;
				TARGETED_DEVICE_FAMILY = "1,2";
				TEST_TARGET_NAME = DemoApp;
				VALIDATE_PRODUCT = YES;
			};
			name = Release;
		};
		FACBADA72C67B8D60012D600 /* Debug */ = {
			isa = XCBuildConfiguration;
			buildSettings = {
				BUNDLE_LOADER = "$(TEST_HOST)";
				CODE_SIGN_STYLE = Automatic;
				CURRENT_PROJECT_VERSION = 1;
				DEVELOPMENT_TEAM = J9H72XH8P9;
				GENERATE_INFOPLIST_FILE = YES;
				MARKETING_VERSION = 1.0;
				PRODUCT_BUNDLE_IDENTIFIER = "com.emerge.Demo-Watch-AppTests";
				PRODUCT_NAME = "$(TARGET_NAME)";
				SDKROOT = watchos;
				SWIFT_EMIT_LOC_STRINGS = NO;
				SWIFT_VERSION = 5.0;
				TARGETED_DEVICE_FAMILY = 4;
				TEST_HOST = "$(BUILT_PRODUCTS_DIR)/Demo Watch App.app/$(BUNDLE_EXECUTABLE_FOLDER_PATH)/Demo Watch App";
				WATCHOS_DEPLOYMENT_TARGET = 10.5;
			};
			name = Debug;
		};
		FACBADA82C67B8D60012D600 /* Release */ = {
			isa = XCBuildConfiguration;
			buildSettings = {
				BUNDLE_LOADER = "$(TEST_HOST)";
				CODE_SIGN_STYLE = Automatic;
				CURRENT_PROJECT_VERSION = 1;
				DEVELOPMENT_TEAM = J9H72XH8P9;
				GENERATE_INFOPLIST_FILE = YES;
				MARKETING_VERSION = 1.0;
				PRODUCT_BUNDLE_IDENTIFIER = "com.emerge.Demo-Watch-AppTests";
				PRODUCT_NAME = "$(TARGET_NAME)";
				SDKROOT = watchos;
				SWIFT_EMIT_LOC_STRINGS = NO;
				SWIFT_VERSION = 5.0;
				TARGETED_DEVICE_FAMILY = 4;
				TEST_HOST = "$(BUILT_PRODUCTS_DIR)/Demo Watch App.app/$(BUNDLE_EXECUTABLE_FOLDER_PATH)/Demo Watch App";
				VALIDATE_PRODUCT = YES;
				WATCHOS_DEPLOYMENT_TARGET = 10.5;
			};
			name = Release;
		};
/* End XCBuildConfiguration section */

/* Begin XCConfigurationList section */
		FA1671BA2A5367A800A42DB0 /* Build configuration list for PBXProject "DemoApp" */ = {
			isa = XCConfigurationList;
			buildConfigurations = (
				FA1671CC2A5367A800A42DB0 /* Debug */,
				FA1671CD2A5367A800A42DB0 /* Release */,
			);
			defaultConfigurationIsVisible = 0;
			defaultConfigurationName = Release;
		};
		FA1671CE2A5367A800A42DB0 /* Build configuration list for PBXNativeTarget "DemoApp" */ = {
			isa = XCConfigurationList;
			buildConfigurations = (
				FA1671CF2A5367A800A42DB0 /* Debug */,
				FA1671D02A5367A800A42DB0 /* Release */,
			);
			defaultConfigurationIsVisible = 0;
			defaultConfigurationName = Release;
		};
		FA1671DF2A5399F700A42DB0 /* Build configuration list for PBXNativeTarget "DemoModule" */ = {
			isa = XCConfigurationList;
			buildConfigurations = (
				FA1671E02A5399F700A42DB0 /* Debug */,
				FA1671E12A5399F700A42DB0 /* Release */,
			);
			defaultConfigurationIsVisible = 0;
			defaultConfigurationName = Release;
		};
		FA309ED12C38D71D00C85FF4 /* Build configuration list for PBXNativeTarget "Demo Watch App" */ = {
			isa = XCConfigurationList;
			buildConfigurations = (
				FA309ECF2C38D71D00C85FF4 /* Debug */,
				FA309ED02C38D71D00C85FF4 /* Release */,
			);
			defaultConfigurationIsVisible = 0;
			defaultConfigurationName = Release;
		};
		FA309EDE2C38D77C00C85FF4 /* Build configuration list for PBXNativeTarget "DemoWatchTests" */ = {
			isa = XCConfigurationList;
			buildConfigurations = (
				FA309EDF2C38D77C00C85FF4 /* Debug */,
				FA309EE02C38D77C00C85FF4 /* Release */,
			);
			defaultConfigurationIsVisible = 0;
			defaultConfigurationName = Release;
		};
		FA8F8B832C66C4C4007CEA33 /* Build configuration list for PBXNativeTarget "DemoAppTests" */ = {
			isa = XCConfigurationList;
			buildConfigurations = (
				FA8F8B812C66C4C4007CEA33 /* Debug */,
				FA8F8B822C66C4C4007CEA33 /* Release */,
			);
			defaultConfigurationIsVisible = 0;
			defaultConfigurationName = Release;
		};
		FAC167EF2A5F41C500D79C23 /* Build configuration list for PBXNativeTarget "DemoAppUITests" */ = {
			isa = XCConfigurationList;
			buildConfigurations = (
				FAC167F02A5F41C500D79C23 /* Debug */,
				FAC167F12A5F41C500D79C23 /* Release */,
			);
			defaultConfigurationIsVisible = 0;
			defaultConfigurationName = Release;
		};
		FACBADA62C67B8D60012D600 /* Build configuration list for PBXNativeTarget "Demo Watch AppTests" */ = {
			isa = XCConfigurationList;
			buildConfigurations = (
				FACBADA72C67B8D60012D600 /* Debug */,
				FACBADA82C67B8D60012D600 /* Release */,
			);
			defaultConfigurationIsVisible = 0;
			defaultConfigurationName = Release;
		};
/* End XCConfigurationList section */

/* Begin XCRemoteSwiftPackageReference section */
		FA8E2F9C2E8D797000B7B9EB /* XCRemoteSwiftPackageReference "AccessibilitySnapshot" */ = {
			isa = XCRemoteSwiftPackageReference;
			repositoryURL = "https://github.com/EmergeTools/AccessibilitySnapshot.git";
			requirement = {
				kind = exactVersion;
				version = 1.0.2;
			};
		};
/* End XCRemoteSwiftPackageReference section */

/* Begin XCSwiftPackageProductDependency section */
		FA0D85422A72A5BD002A28ED /* SnapshottingTests */ = {
			isa = XCSwiftPackageProductDependency;
			productName = SnapshottingTests;
		};
		FA170AD22A8B3BA400D1D53D /* PreviewGallery */ = {
			isa = XCSwiftPackageProductDependency;
			productName = PreviewGallery;
		};
		FA309EE12C38D7A900C85FF4 /* Snapshotting */ = {
			isa = XCSwiftPackageProductDependency;
			productName = Snapshotting;
		};
		FA309EE52C38D7AC00C85FF4 /* SnapshottingTests */ = {
			isa = XCSwiftPackageProductDependency;
			productName = SnapshottingTests;
		};
		FA309EFD2C3EF68A00C85FF4 /* PreviewGallery */ = {
			isa = XCSwiftPackageProductDependency;
			productName = PreviewGallery;
		};
		FA4F5AD82A7A3E7700B268FF /* Snapshotting */ = {
			isa = XCSwiftPackageProductDependency;
			productName = Snapshotting;
		};
		FA7EFE122B9235D100EF534F /* SnapshotPreferences */ = {
			isa = XCSwiftPackageProductDependency;
			productName = SnapshotPreferences;
		};
		FA8E2F9D2E8D797000B7B9EB /* AccessibilitySnapshotCore */ = {
			isa = XCSwiftPackageProductDependency;
			package = FA8E2F9C2E8D797000B7B9EB /* XCRemoteSwiftPackageReference "AccessibilitySnapshot" */;
			productName = AccessibilitySnapshotCore;
		};
		FA8F8B842C66C4CA007CEA33 /* SnapshottingTests */ = {
			isa = XCSwiftPackageProductDependency;
			productName = SnapshottingTests;
		};
		FACBADA92C67B8ED0012D600 /* SnapshottingTests */ = {
			isa = XCSwiftPackageProductDependency;
			productName = SnapshottingTests;
		};
/* End XCSwiftPackageProductDependency section */
	};
	rootObject = FA1671B72A5367A800A42DB0 /* Project object */;
}
